{
  "nodes": {
    "commonmark-wikilink": {
      "flake": false,
      "locked": {
        "lastModified": 1667660916,
        "narHash": "sha256-ZyYSsihq5nqP/YmkL2Tlr+XVwUu+3MquThpyc0yx65c=",
        "owner": "srid",
        "repo": "commonmark-wikilink",
        "rev": "72c880b5dbe8521f8c424c7bd39cb11b26e8dbb8",
        "type": "github"
      },
      "original": {
        "owner": "srid",
        "repo": "commonmark-wikilink",
        "type": "github"
      }
    },
    "ema": {
      "flake": false,
      "locked": {
        "lastModified": 1668883024,
        "narHash": "sha256-fftvlkkAZgtExQ3vIiUPJbxIkMPDuvTi0XAZqo7jtNM=",
        "owner": "EmaApps",
        "repo": "ema",
        "rev": "7cc73addf8191c4a2fbe157e6c02d9fed9644c3b",
        "type": "github"
      },
      "original": {
        "owner": "EmaApps",
        "repo": "ema",
        "type": "github"
      }
    },
    "emanote": {
      "inputs": {
        "commonmark-wikilink": "commonmark-wikilink",
        "ema": "ema",
        "flake-parts": "flake-parts",
        "haskell-flake": "haskell-flake",
        "heist": "heist",
        "heist-extra": "heist-extra",
        "nixpkgs": "nixpkgs"
      },
      "locked": {
        "lastModified": 1668902144,
        "narHash": "sha256-snHvaB217pKdFMsx3I52Yocv1MPZ3+ozLp6lpRg12X0=",
        "owner": "srid",
        "repo": "emanote",
        "rev": "3300092d40c9092e33a6b22e53a30a2a82796138",
        "type": "github"
      },
      "original": {
        "owner": "srid",
        "repo": "emanote",
        "type": "github"
      }
    },
    "flake-compat": {
      "flake": false,
      "locked": {
        "lastModified": 1668681692,
        "narHash": "sha256-Ht91NGdewz8IQLtWZ9LCeNXMSXHUss+9COoqu6JLmXU=",
        "owner": "edolstra",
        "repo": "flake-compat",
        "rev": "009399224d5e398d03b22badca40a37ac85412a1",
        "type": "github"
      },
      "original": {
        "owner": "edolstra",
        "repo": "flake-compat",
        "type": "github"
      }
    },
    "flake-parts": {
      "inputs": {
        "nixpkgs-lib": "nixpkgs-lib"
      },
      "locked": {
        "lastModified": 1668450977,
        "narHash": "sha256-cfLhMhnvXn6x1vPm+Jow3RiFAUSCw/l1utktCw5rVA4=",
        "owner": "hercules-ci",
        "repo": "flake-parts",
        "rev": "d591857e9d7dd9ddbfba0ea02b43b927c3c0f1fa",
        "type": "github"
      },
      "original": {
        "owner": "hercules-ci",
        "repo": "flake-parts",
        "type": "github"
      }
    },
    "flake-parts_2": {
      "inputs": {
        "nixpkgs-lib": "nixpkgs-lib_2"
      },
      "locked": {
        "lastModified": 1668450977,
        "narHash": "sha256-cfLhMhnvXn6x1vPm+Jow3RiFAUSCw/l1utktCw5rVA4=",
        "owner": "hercules-ci",
        "repo": "flake-parts",
        "rev": "d591857e9d7dd9ddbfba0ea02b43b927c3c0f1fa",
        "type": "github"
      },
      "original": {
        "owner": "hercules-ci",
        "repo": "flake-parts",
        "type": "github"
      }
    },
    "flake-utils": {
      "locked": {
        "lastModified": 1667395993,
        "narHash": "sha256-nuEHfE/LcWyuSWnS8t12N1wc105Qtau+/OdUAjtQ0rA=",
        "owner": "numtide",
        "repo": "flake-utils",
        "rev": "5aed5285a952e0b949eb3ba02c12fa4fcfef535f",
        "type": "github"
      },
      "original": {
        "owner": "numtide",
        "repo": "flake-utils",
        "type": "github"
      }
    },
    "gitignore": {
      "inputs": {
        "nixpkgs": [
          "pre-commit-hooks",
          "nixpkgs"
        ]
      },
      "locked": {
        "lastModified": 1660459072,
        "narHash": "sha256-8DFJjXG8zqoONA1vXtgeKXy68KdJL5UaXR8NtVMUbx8=",
        "owner": "hercules-ci",
        "repo": "gitignore.nix",
        "rev": "a20de23b925fd8264fd7fad6454652e142fd7f73",
        "type": "github"
      },
      "original": {
        "owner": "hercules-ci",
        "repo": "gitignore.nix",
        "type": "github"
      }
    },
    "haskell-flake": {
      "locked": {
        "lastModified": 1668167720,
        "narHash": "sha256-5wDTR6xt9BB3BjgKR+YOjOkZgMyDXKaX79g42sStzDU=",
        "owner": "srid",
        "repo": "haskell-flake",
        "rev": "4fc511d93a55fedf815c1647ad146c26d7a2054e",
        "type": "github"
      },
      "original": {
        "owner": "srid",
        "repo": "haskell-flake",
        "type": "github"
      }
    },
    "heist": {
      "flake": false,
      "locked": {
        "lastModified": 1668478922,
        "narHash": "sha256-HVIRUx90r0pvJKfLU6fM51/SdzvNOzv0466xIOeSFlo=",
        "owner": "snapframework",
        "repo": "heist",
        "rev": "a23f0b5d70556742644189d71d694f379738cdbc",
        "type": "github"
      },
      "original": {
        "owner": "snapframework",
        "repo": "heist",
        "type": "github"
      }
    },
    "heist-extra": {
      "flake": false,
      "locked": {
        "lastModified": 1668486579,
        "narHash": "sha256-VmyGntVH/tVosftplC4O0JhYA34kXeq1Wu/RbJr132Y=",
        "owner": "srid",
        "repo": "heist-extra",
        "rev": "da94abfa68f67933baef9b529fe8d2a4edc572d5",
        "type": "github"
      },
      "original": {
        "owner": "srid",
        "repo": "heist-extra",
        "type": "github"
      }
    },
    "nixpkgs": {
      "locked": {
        "lastModified": 1668443372,
        "narHash": "sha256-lXNlVyNWwO22/JUdBtUWz68jZB3DM+Jq/irlsbwncI0=",
        "owner": "nixos",
        "repo": "nixpkgs",
        "rev": "dad4de1694cd92d9a0e123bfdf134d0047b836a5",
        "type": "github"
      },
      "original": {
        "owner": "nixos",
        "ref": "nixpkgs-unstable",
        "repo": "nixpkgs",
        "type": "github"
      }
    },
    "nixpkgs-lib": {
      "locked": {
        "dir": "lib",
        "lastModified": 1665349835,
        "narHash": "sha256-UK4urM3iN80UXQ7EaOappDzcisYIuEURFRoGQ/yPkug=",
        "owner": "NixOS",
        "repo": "nixpkgs",
        "rev": "34c5293a71ffdb2fe054eb5288adc1882c1eb0b1",
        "type": "github"
      },
      "original": {
        "dir": "lib",
        "owner": "NixOS",
        "ref": "nixos-unstable",
        "repo": "nixpkgs",
        "type": "github"
      }
    },
    "nixpkgs-lib_2": {
      "locked": {
        "dir": "lib",
        "lastModified": 1665349835,
        "narHash": "sha256-UK4urM3iN80UXQ7EaOappDzcisYIuEURFRoGQ/yPkug=",
        "owner": "NixOS",
        "repo": "nixpkgs",
        "rev": "34c5293a71ffdb2fe054eb5288adc1882c1eb0b1",
        "type": "github"
      },
      "original": {
        "dir": "lib",
        "owner": "NixOS",
        "ref": "nixos-unstable",
        "repo": "nixpkgs",
        "type": "github"
      }
    },
    "nixpkgs-stable": {
      "locked": {
        "lastModified": 1668984258,
        "narHash": "sha256-0gDMJ2T3qf58xgcSbYoXiRGUkPWmKyr5C3vcathWhKs=",
        "owner": "NixOS",
        "repo": "nixpkgs",
        "rev": "cf63ade6f74bbc9d2a017290f1b2e33e8fbfa70a",
        "type": "github"
      },
      "original": {
        "owner": "NixOS",
        "ref": "nixos-22.05",
        "repo": "nixpkgs",
        "type": "github"
      }
    },
    "nixpkgs_2": {
      "locked": {
        "lastModified": 1669076005,
        "narHash": "sha256-uzMji2q9Pk3jUH+e5nEFtoOZCP4VV1PDRJRLVmriY0M=",
        "owner": "nixos",
        "repo": "nixpkgs",
        "rev": "69335c46c48a73f291d5c6f332fb9fe8b8e22b30",
        "type": "github"
      },
      "original": {
        "owner": "nixos",
        "ref": "nixpkgs-unstable",
        "repo": "nixpkgs",
        "type": "github"
      }
    },
    "nixpkgs_3": {
      "locked": {
        "lastModified": 1668994630,
        "narHash": "sha256-1lqx6HLyw6fMNX/hXrrETG1vMvZRGm2XVC9O/Jt0T6c=",
        "owner": "NixOS",
        "repo": "nixpkgs",
        "rev": "af50806f7c6ab40df3e6b239099e8f8385f6c78b",
        "type": "github"
      },
      "original": {
        "owner": "NixOS",
        "ref": "nixos-unstable",
        "repo": "nixpkgs",
        "type": "github"
      }
    },
    "pre-commit-hooks": {
      "inputs": {
        "flake-compat": "flake-compat",
        "flake-utils": "flake-utils",
        "gitignore": "gitignore",
        "nixpkgs": "nixpkgs_3",
        "nixpkgs-stable": "nixpkgs-stable"
      },
      "locked": {
        "lastModified": 1669152228,
        "narHash": "sha256-FEDReoTLWJHXcNso7aaAlAUU7uOqIR6Hc/C/nqlfooE=",
        "owner": "cachix",
        "repo": "pre-commit-hooks.nix",
        "rev": "078b0dee35e2da01334af682ec347463b70a9986",
        "type": "github"
      },
      "original": {
        "owner": "cachix",
        "repo": "pre-commit-hooks.nix",
        "type": "github"
      }
    },
    "root": {
      "inputs": {
        "emanote": "emanote",
        "flake-parts": "flake-parts_2",
        "nixpkgs": "nixpkgs_2",
        "pre-commit-hooks": "pre-commit-hooks"
      }
    }
  },
  "root": "root",
  "version": 7
}
