{
  "nodes": {
    "ema": {
      "flake": false,
      "locked": {
        "lastModified": 1654625708,
        "narHash": "sha256-8Hr2pGJnRoaPMwT1k8xlZeXaW+exc1NQ2dvuyFOZq1A=",
        "owner": "srid",
        "repo": "ema",
        "rev": "460b3da070a7f1cf22d02beac6aaec9daa529311",
        "type": "github"
      },
      "original": {
        "owner": "srid",
        "ref": "multisite",
        "repo": "ema",
        "type": "github"
      }
    },
    "emanote": {
      "inputs": {
        "ema": "ema",
        "flake-parts": "flake-parts",
        "haskell-flake": "haskell-flake",
        "heist-emanote": "heist-emanote",
        "ixset-typed": "ixset-typed",
        "nixpkgs": "nixpkgs",
        "pandoc-link-context": "pandoc-link-context",
        "tailwind-haskell": "tailwind-haskell"
      },
      "locked": {
        "lastModified": 1654873971,
        "narHash": "sha256-nTOXKhW4FlM30t3hS6Ma7//ztWsiYcgee7C1TXgj/B4=",
        "owner": "srid",
        "repo": "emanote",
        "rev": "6157ef9e6cfcf59dd9a0eb55e659d5048d42daac",
        "type": "github"
      },
      "original": {
        "owner": "srid",
        "repo": "emanote",
        "type": "github"
      }
    },
    "flake-parts": {
      "inputs": {
        "nixpkgs": [
          "emanote",
          "nixpkgs"
        ]
      },
      "locked": {
        "lastModified": 1654330348,
        "narHash": "sha256-jedUKLSqRk/4ToHolO7xnOuztbdDUGCSElvTi5hUGYg=",
        "owner": "hercules-ci",
        "repo": "flake-parts",
        "rev": "6ac93cfc7f0fea4c889a609b18b3333f10091030",
        "type": "github"
      },
      "original": {
        "owner": "hercules-ci",
        "repo": "flake-parts",
        "type": "github"
      }
    },
    "flake-utils": {
      "locked": {
        "lastModified": 1652776076,
        "narHash": "sha256-gzTw/v1vj4dOVbpBSJX4J0DwUR6LIyXo7/SuuTJp1kM=",
        "owner": "numtide",
        "repo": "flake-utils",
        "rev": "04c1b180862888302ddfb2e3ad9eaa63afc60cf8",
        "type": "github"
      },
      "original": {
        "owner": "numtide",
        "ref": "v1.0.0",
        "repo": "flake-utils",
        "type": "github"
      }
    },
    "flake-utils_2": {
      "locked": {
        "lastModified": 1644229661,
        "narHash": "sha256-1YdnJAsNy69bpcjuoKdOYQX0YxZBiCYZo4Twxerqv7k=",
        "owner": "numtide",
        "repo": "flake-utils",
        "rev": "3cecb5b042f7f209c56ffd8371b2711a290ec797",
        "type": "github"
      },
      "original": {
        "owner": "numtide",
        "repo": "flake-utils",
        "type": "github"
      }
    },
    "haskell-flake": {
      "locked": {
        "lastModified": 1654001497,
        "narHash": "sha256-GfrpyoQrVT9Z/j9its8BQs3I5O5X5Lc2IkK922bz7zg=",
        "owner": "srid",
        "repo": "haskell-flake",
        "rev": "4c0b0ff295f0b97238a600d2381c37ee46b67f9c",
        "type": "github"
      },
      "original": {
        "owner": "srid",
        "repo": "haskell-flake",
        "type": "github"
      }
    },
    "heist-emanote": {
      "flake": false,
      "locked": {
        "lastModified": 1653920837,
        "narHash": "sha256-GUHQy909iroTNSkrk15/f1Ht9eWB3A5rF//wfRzhGy8=",
        "owner": "srid",
        "repo": "heist",
        "rev": "988692ea850b3cbe966c7dc4dd26ba1d49647706",
        "type": "github"
      },
      "original": {
        "owner": "srid",
        "ref": "emanote",
        "repo": "heist",
        "type": "github"
      }
    },
    "ixset-typed": {
      "flake": false,
      "locked": {
        "lastModified": 1652177108,
        "narHash": "sha256-g0N1jiumsxHzfo9SGVR+q9awRvHEehSRaoW89LXCCnY=",
        "owner": "well-typed",
        "repo": "ixset-typed",
        "rev": "244d3b72fd051b8d78f2d4edb6208269f29d85b7",
        "type": "github"
      },
      "original": {
        "owner": "well-typed",
        "repo": "ixset-typed",
        "type": "github"
      }
    },
    "nixpkgs": {
      "locked": {
        "lastModified": 1654398695,
        "narHash": "sha256-Kw/KeoFXszNsF5mORP45mrxCP+k9Aq03hWcuWCL9sdI=",
        "owner": "NixOS",
        "repo": "nixpkgs",
        "rev": "c5d810f4c74c824ae0fb788103003c6c9d366a08",
        "type": "github"
      },
      "original": {
        "id": "nixpkgs",
        "type": "indirect"
      }
    },
    "nixpkgs_2": {
      "locked": {
        "lastModified": 1639476504,
        "narHash": "sha256-dnMmfA+UCeDyx66c2P5pIpWAc6aChIFnn+kWh/Aqf94=",
        "owner": "nixos",
        "repo": "nixpkgs",
        "rev": "2c2a09678ce2ce4125591ac4fe2f7dfaec7a609c",
        "type": "github"
      },
      "original": {
        "owner": "nixos",
        "ref": "nixpkgs-unstable",
        "repo": "nixpkgs",
        "type": "github"
      }
    },
    "nixpkgs_3": {
      "locked": {
        "lastModified": 1645655918,
        "narHash": "sha256-ZfbEFRW7o237+A1P7eTKhXje435FCAoe0blj2n20Was=",
        "owner": "nixos",
        "repo": "nixpkgs",
        "rev": "77a7a4197740213879b9a1d2e1788c6c8ade4274",
        "type": "github"
      },
      "original": {
        "id": "nixpkgs",
        "type": "indirect"
      }
    },
    "pandoc-link-context": {
      "flake": false,
      "locked": {
        "lastModified": 1653170888,
        "narHash": "sha256-bA/Oj2pt3H2b4lqWqVBYo3Qhvhd01r4vM39+vLuPMtA=",
        "owner": "srid",
        "repo": "pandoc-link-context",
        "rev": "c3a3de34b291b2bfec04387af65e0cc0822373c5",
        "type": "github"
      },
      "original": {
        "owner": "srid",
        "ref": "master",
        "repo": "pandoc-link-context",
        "type": "github"
      }
    },
    "pre-commit": {
      "inputs": {
        "flake-utils": "flake-utils_2",
        "nixpkgs": "nixpkgs_3"
      },
      "locked": {
        "lastModified": 1649054408,
        "narHash": "sha256-wz8AH7orqUE4Xog29WMTqOYBs0DMj2wFM8ulrTRVgz0=",
        "owner": "cachix",
        "repo": "pre-commit-hooks.nix",
        "rev": "e5e7b3b542e7f4f96967966a943d7e1c07558042",
        "type": "github"
      },
      "original": {
        "owner": "cachix",
        "repo": "pre-commit-hooks.nix",
        "type": "github"
      }
    },
    "root": {
      "inputs": {
        "emanote": "emanote",
        "nixpkgs": "nixpkgs_2",
        "pre-commit": "pre-commit",
        "utils": "utils"
      }
    },
    "tailwind-haskell": {
      "inputs": {
        "flake-utils": "flake-utils",
        "nixpkgs": [
          "emanote",
          "nixpkgs"
        ]
      },
      "locked": {
        "lastModified": 1654211622,
        "narHash": "sha256-N5Xa/JhF9PRgmt+ZVZFaHT7onezENxp7ktnGhhqOBaw=",
        "owner": "srid",
        "repo": "tailwind-haskell",
        "rev": "8d08cda7a1cb67435de1ba1739f65e25b303364f",
        "type": "github"
      },
      "original": {
        "owner": "srid",
        "ref": "master",
        "repo": "tailwind-haskell",
        "type": "github"
      }
    },
    "utils": {
      "locked": {
        "lastModified": 1649676176,
        "narHash": "sha256-OWKJratjt2RW151VUlJPRALb7OU2S5s+f0vLj4o1bHM=",
        "owner": "numtide",
        "repo": "flake-utils",
        "rev": "a4b154ebbdc88c8498a5c7b01589addc9e9cb678",
        "type": "github"
      },
      "original": {
        "owner": "numtide",
        "repo": "flake-utils",
        "type": "github"
      }
    }
  },
  "root": "root",
  "version": 7
}
